// !$*UTF8*$!
{
	archiveVersion = 1;
	classes = {
	};
	objectVersion = 55;
	objects = {

/* Begin PBXBuildFile section */
		1C07BBA62869A8EE004E2C05 /* GetAllRecipesRequest.swift in Sources */ = {isa = PBXBuildFile; fileRef = 1C07BBA52869A8EE004E2C05 /* GetAllRecipesRequest.swift */; };
		1C07BBA82869A9D2004E2C05 /* RecipesResponse.swift in Sources */ = {isa = PBXBuildFile; fileRef = 1C07BBA72869A9D2004E2C05 /* RecipesResponse.swift */; };
		1C07BBAA2869AA36004E2C05 /* RecipesService.swift in Sources */ = {isa = PBXBuildFile; fileRef = 1C07BBA92869AA36004E2C05 /* RecipesService.swift */; };
		1C07BBAD2869AAAE004E2C05 /* Recipe.swift in Sources */ = {isa = PBXBuildFile; fileRef = 1C07BBAC2869AAAE004E2C05 /* Recipe.swift */; };
		1C07BBAF2869AAC7004E2C05 /* Ingredient.swift in Sources */ = {isa = PBXBuildFile; fileRef = 1C07BBAE2869AAC7004E2C05 /* Ingredient.swift */; };
		1C07BBB22869D8EC004E2C05 /* PublicURLRequest.swift in Sources */ = {isa = PBXBuildFile; fileRef = 1C07BBB12869D8EC004E2C05 /* PublicURLRequest.swift */; };
		1C07BBB42869D9AD004E2C05 /* PrivateURLRequest.swift in Sources */ = {isa = PBXBuildFile; fileRef = 1C07BBB32869D9AD004E2C05 /* PrivateURLRequest.swift */; };
		1C07BBB6286A0357004E2C05 /* GetAllStocksRequest.swift in Sources */ = {isa = PBXBuildFile; fileRef = 1C07BBB5286A0357004E2C05 /* GetAllStocksRequest.swift */; };
		1CC578692867315100AD51BB /* network_layerApp.swift in Sources */ = {isa = PBXBuildFile; fileRef = 1CC578682867315100AD51BB /* network_layerApp.swift */; };
		1CC5786B2867315100AD51BB /* ContentView.swift in Sources */ = {isa = PBXBuildFile; fileRef = 1CC5786A2867315100AD51BB /* ContentView.swift */; };
		1CC5786D2867315200AD51BB /* Assets.xcassets in Resources */ = {isa = PBXBuildFile; fileRef = 1CC5786C2867315200AD51BB /* Assets.xcassets */; };
		1CC578702867315200AD51BB /* Preview Assets.xcassets in Resources */ = {isa = PBXBuildFile; fileRef = 1CC5786F2867315200AD51BB /* Preview Assets.xcassets */; };
		1CC57879286739D100AD51BB /* Alamofire in Frameworks */ = {isa = PBXBuildFile; productRef = 1CC57878286739D100AD51BB /* Alamofire */; };
		1CC5787B28673A0900AD51BB /* BaseService.swift in Sources */ = {isa = PBXBuildFile; fileRef = 1CC5787A28673A0900AD51BB /* BaseService.swift */; };
		1CC5787D28673A4B00AD51BB /* BaseURLRequest.swift in Sources */ = {isa = PBXBuildFile; fileRef = 1CC5787C28673A4B00AD51BB /* BaseURLRequest.swift */; };
		1CC5787F28673A6B00AD51BB /* Encodable+extensions.swift in Sources */ = {isa = PBXBuildFile; fileRef = 1CC5787E28673A6B00AD51BB /* Encodable+extensions.swift */; };
/* End PBXBuildFile section */

/* Begin PBXFileReference section */
		1C07BBA52869A8EE004E2C05 /* GetAllRecipesRequest.swift */ = {isa = PBXFileReference; lastKnownFileType = sourcecode.swift; path = GetAllRecipesRequest.swift; sourceTree = "<group>"; };
		1C07BBA72869A9D2004E2C05 /* RecipesResponse.swift */ = {isa = PBXFileReference; lastKnownFileType = sourcecode.swift; path = RecipesResponse.swift; sourceTree = "<group>"; };
		1C07BBA92869AA36004E2C05 /* RecipesService.swift */ = {isa = PBXFileReference; lastKnownFileType = sourcecode.swift; path = RecipesService.swift; sourceTree = "<group>"; };
		1C07BBAC2869AAAE004E2C05 /* Recipe.swift */ = {isa = PBXFileReference; lastKnownFileType = sourcecode.swift; path = Recipe.swift; sourceTree = "<group>"; };
		1C07BBAE2869AAC7004E2C05 /* Ingredient.swift */ = {isa = PBXFileReference; lastKnownFileType = sourcecode.swift; path = Ingredient.swift; sourceTree = "<group>"; };
		1C07BBB12869D8EC004E2C05 /* PublicURLRequest.swift */ = {isa = PBXFileReference; lastKnownFileType = sourcecode.swift; path = PublicURLRequest.swift; sourceTree = "<group>"; };
		1C07BBB32869D9AD004E2C05 /* PrivateURLRequest.swift */ = {isa = PBXFileReference; lastKnownFileType = sourcecode.swift; path = PrivateURLRequest.swift; sourceTree = "<group>"; };
		1C07BBB5286A0357004E2C05 /* GetAllStocksRequest.swift */ = {isa = PBXFileReference; lastKnownFileType = sourcecode.swift; path = GetAllStocksRequest.swift; sourceTree = "<group>"; };
		1CC578652867315100AD51BB /* network-layer.app */ = {isa = PBXFileReference; explicitFileType = wrapper.application; includeInIndex = 0; path = "network-layer.app"; sourceTree = BUILT_PRODUCTS_DIR; };
		1CC578682867315100AD51BB /* network_layerApp.swift */ = {isa = PBXFileReference; lastKnownFileType = sourcecode.swift; path = network_layerApp.swift; sourceTree = "<group>"; };
		1CC5786A2867315100AD51BB /* ContentView.swift */ = {isa = PBXFileReference; lastKnownFileType = sourcecode.swift; path = ContentView.swift; sourceTree = "<group>"; };
		1CC5786C2867315200AD51BB /* Assets.xcassets */ = {isa = PBXFileReference; lastKnownFileType = folder.assetcatalog; path = Assets.xcassets; sourceTree = "<group>"; };
		1CC5786F2867315200AD51BB /* Preview Assets.xcassets */ = {isa = PBXFileReference; lastKnownFileType = folder.assetcatalog; path = "Preview Assets.xcassets"; sourceTree = "<group>"; };
		1CC5787A28673A0900AD51BB /* BaseService.swift */ = {isa = PBXFileReference; lastKnownFileType = sourcecode.swift; path = BaseService.swift; sourceTree = "<group>"; };
		1CC5787C28673A4B00AD51BB /* BaseURLRequest.swift */ = {isa = PBXFileReference; lastKnownFileType = sourcecode.swift; path = BaseURLRequest.swift; sourceTree = "<group>"; };
		1CC5787E28673A6B00AD51BB /* Encodable+extensions.swift */ = {isa = PBXFileReference; lastKnownFileType = sourcecode.swift; path = "Encodable+extensions.swift"; sourceTree = "<group>"; };
/* End PBXFileReference section */

/* Begin PBXFrameworksBuildPhase section */
		1CC578622867315100AD51BB /* Frameworks */ = {
			isa = PBXFrameworksBuildPhase;
			buildActionMask = 2147483647;
			files = (
				1CC57879286739D100AD51BB /* Alamofire in Frameworks */,
			);
			runOnlyForDeploymentPostprocessing = 0;
		};
/* End PBXFrameworksBuildPhase section */

/* Begin PBXGroup section */
		1C07BBAB2869AA97004E2C05 /* Model */ = {
			isa = PBXGroup;
			children = (
				1C07BBAC2869AAAE004E2C05 /* Recipe.swift */,
				1C07BBAE2869AAC7004E2C05 /* Ingredient.swift */,
			);
			path = Model;
			sourceTree = "<group>";
		};
		1C07BBB02869D65F004E2C05 /* Private Endpoint */ = {
			isa = PBXGroup;
			children = (
				1C07BBB32869D9AD004E2C05 /* PrivateURLRequest.swift */,
				1C07BBB5286A0357004E2C05 /* GetAllStocksRequest.swift */,
			);
			path = "Private Endpoint";
			sourceTree = "<group>";
		};
		1CC5785C2867315100AD51BB = {
			isa = PBXGroup;
			children = (
				1CC578672867315100AD51BB /* network-layer */,
				1CC578662867315100AD51BB /* Products */,
			);
			sourceTree = "<group>";
		};
		1CC578662867315100AD51BB /* Products */ = {
			isa = PBXGroup;
			children = (
				1CC578652867315100AD51BB /* network-layer.app */,
			);
			name = Products;
			sourceTree = "<group>";
		};
		1CC578672867315100AD51BB /* network-layer */ = {
			isa = PBXGroup;
			children = (
				1C07BBAB2869AA97004E2C05 /* Model */,
				1CC578762867391A00AD51BB /* Network */,
				1CC578682867315100AD51BB /* network_layerApp.swift */,
				1CC5786A2867315100AD51BB /* ContentView.swift */,
				1CC5786C2867315200AD51BB /* Assets.xcassets */,
				1CC5786E2867315200AD51BB /* Preview Content */,
			);
			path = "network-layer";
			sourceTree = "<group>";
		};
		1CC5786E2867315200AD51BB /* Preview Content */ = {
			isa = PBXGroup;
			children = (
				1CC5786F2867315200AD51BB /* Preview Assets.xcassets */,
			);
			path = "Preview Content";
			sourceTree = "<group>";
		};
		1CC578762867391A00AD51BB /* Network */ = {
			isa = PBXGroup;
			children = (
				1CC5788228674F7600AD51BB /* Public Endpoint */,
				1C07BBB02869D65F004E2C05 /* Private Endpoint */,
				1CC5788128674F6600AD51BB /* Base */,
			);
			path = Network;
			sourceTree = "<group>";
		};
		1CC5788128674F6600AD51BB /* Base */ = {
			isa = PBXGroup;
			children = (
				1CC5787A28673A0900AD51BB /* BaseService.swift */,
				1CC5787C28673A4B00AD51BB /* BaseURLRequest.swift */,
				1CC5787E28673A6B00AD51BB /* Encodable+extensions.swift */,
			);
			path = Base;
			sourceTree = "<group>";
		};
		1CC5788228674F7600AD51BB /* Public Endpoint */ = {
			isa = PBXGroup;
			children = (
				1C07BBA52869A8EE004E2C05 /* GetAllRecipesRequest.swift */,
				1C07BBA72869A9D2004E2C05 /* RecipesResponse.swift */,
				1C07BBA92869AA36004E2C05 /* RecipesService.swift */,
				1C07BBB12869D8EC004E2C05 /* PublicURLRequest.swift */,
			);
			path = "Public Endpoint";
			sourceTree = "<group>";
		};
/* End PBXGroup section */

/* Begin PBXNativeTarget section */
		1CC578642867315100AD51BB /* network-layer */ = {
			isa = PBXNativeTarget;
			buildConfigurationList = 1CC578732867315200AD51BB /* Build configuration list for PBXNativeTarget "network-layer" */;
			buildPhases = (
				1CC578612867315100AD51BB /* Sources */,
				1CC578622867315100AD51BB /* Frameworks */,
				1CC578632867315100AD51BB /* Resources */,
			);
			buildRules = (
			);
			dependencies = (
			);
			name = "network-layer";
			packageProductDependencies = (
				1CC57878286739D100AD51BB /* Alamofire */,
			);
			productName = "network-layer";
			productReference = 1CC578652867315100AD51BB /* network-layer.app */;
			productType = "com.apple.product-type.application";
		};
/* End PBXNativeTarget section */

/* Begin PBXProject section */
		1CC5785D2867315100AD51BB /* Project object */ = {
			isa = PBXProject;
			attributes = {
				BuildIndependentTargetsInParallel = 1;
				LastSwiftUpdateCheck = 1320;
				LastUpgradeCheck = 1320;
				TargetAttributes = {
					1CC578642867315100AD51BB = {
						CreatedOnToolsVersion = 13.2.1;
					};
				};
			};
			buildConfigurationList = 1CC578602867315100AD51BB /* Build configuration list for PBXProject "network-layer" */;
			compatibilityVersion = "Xcode 13.0";
			developmentRegion = en;
			hasScannedForEncodings = 0;
			knownRegions = (
				en,
				Base,
			);
			mainGroup = 1CC5785C2867315100AD51BB;
			packageReferences = (
				1CC57877286739D100AD51BB /* XCRemoteSwiftPackageReference "Alamofire" */,
			);
			productRefGroup = 1CC578662867315100AD51BB /* Products */;
			projectDirPath = "";
			projectRoot = "";
			targets = (
				1CC578642867315100AD51BB /* network-layer */,
			);
		};
/* End PBXProject section */

/* Begin PBXResourcesBuildPhase section */
		1CC578632867315100AD51BB /* Resources */ = {
			isa = PBXResourcesBuildPhase;
			buildActionMask = 2147483647;
			files = (
				1CC578702867315200AD51BB /* Preview Assets.xcassets in Resources */,
				1CC5786D2867315200AD51BB /* Assets.xcassets in Resources */,
			);
			runOnlyForDeploymentPostprocessing = 0;
		};
/* End PBXResourcesBuildPhase section */

/* Begin PBXSourcesBuildPhase section */
		1CC578612867315100AD51BB /* Sources */ = {
			isa = PBXSourcesBuildPhase;
			buildActionMask = 2147483647;
			files = (
				1CC5787F28673A6B00AD51BB /* Encodable+extensions.swift in Sources */,
				1CC5786B2867315100AD51BB /* ContentView.swift in Sources */,
				1CC578692867315100AD51BB /* network_layerApp.swift in Sources */,
				1C07BBB22869D8EC004E2C05 /* PublicURLRequest.swift in Sources */,
				1C07BBAA2869AA36004E2C05 /* RecipesService.swift in Sources */,
				1C07BBB42869D9AD004E2C05 /* PrivateURLRequest.swift in Sources */,
				1CC5787D28673A4B00AD51BB /* BaseURLRequest.swift in Sources */,
				1C07BBA62869A8EE004E2C05 /* GetAllRecipesRequest.swift in Sources */,
				1C07BBAD2869AAAE004E2C05 /* Recipe.swift in Sources */,
				1C07BBA82869A9D2004E2C05 /* RecipesResponse.swift in Sources */,
				1C07BBAF2869AAC7004E2C05 /* Ingredient.swift in Sources */,
				1CC5787B28673A0900AD51BB /* BaseService.swift in Sources */,
				1C07BBB6286A0357004E2C05 /* GetAllStocksRequest.swift in Sources */,
			);
			runOnlyForDeploymentPostprocessing = 0;
		};
/* End PBXSourcesBuildPhase section */

/* Begin XCBuildConfiguration section */
		1CC578712867315200AD51BB /* Debug */ = {
			isa = XCBuildConfiguration;
			buildSettings = {
				ALWAYS_SEARCH_USER_PATHS = NO;
				CLANG_ANALYZER_NONNULL = YES;
				CLANG_ANALYZER_NUMBER_OBJECT_CONVERSION = YES_AGGRESSIVE;
				CLANG_CXX_LANGUAGE_STANDARD = "gnu++17";
				CLANG_CXX_LIBRARY = "libc++";
				CLANG_ENABLE_MODULES = YES;
				CLANG_ENABLE_OBJC_ARC = YES;
				CLANG_ENABLE_OBJC_WEAK = YES;
				CLANG_WARN_BLOCK_CAPTURE_AUTORELEASING = YES;
				CLANG_WARN_BOOL_CONVERSION = YES;
				CLANG_WARN_COMMA = YES;
				CLANG_WARN_CONSTANT_CONVERSION = YES;
				CLANG_WARN_DEPRECATED_OBJC_IMPLEMENTATIONS = YES;
				CLANG_WARN_DIRECT_OBJC_ISA_USAGE = YES_ERROR;
				CLANG_WARN_DOCUMENTATION_COMMENTS = YES;
				CLANG_WARN_EMPTY_BODY = YES;
				CLANG_WARN_ENUM_CONVERSION = YES;
				CLANG_WARN_INFINITE_RECURSION = YES;
				CLANG_WARN_INT_CONVERSION = YES;
				CLANG_WARN_NON_LITERAL_NULL_CONVERSION = YES;
				CLANG_WARN_OBJC_IMPLICIT_RETAIN_SELF = YES;
				CLANG_WARN_OBJC_LITERAL_CONVERSION = YES;
				CLANG_WARN_OBJC_ROOT_CLASS = YES_ERROR;
				CLANG_WARN_QUOTED_INCLUDE_IN_FRAMEWORK_HEADER = YES;
				CLANG_WARN_RANGE_LOOP_ANALYSIS = YES;
				CLANG_WARN_STRICT_PROTOTYPES = YES;
				CLANG_WARN_SUSPICIOUS_MOVE = YES;
				CLANG_WARN_UNGUARDED_AVAILABILITY = YES_AGGRESSIVE;
				CLANG_WARN_UNREACHABLE_CODE = YES;
				CLANG_WARN__DUPLICATE_METHOD_MATCH = YES;
				COPY_PHASE_STRIP = NO;
				DEBUG_INFORMATION_FORMAT = dwarf;
				ENABLE_STRICT_OBJC_MSGSEND = YES;
				ENABLE_TESTABILITY = YES;
				GCC_C_LANGUAGE_STANDARD = gnu11;
				GCC_DYNAMIC_NO_PIC = NO;
				GCC_NO_COMMON_BLOCKS = YES;
				GCC_OPTIMIZATION_LEVEL = 0;
				GCC_PREPROCESSOR_DEFINITIONS = (
					"DEBUG=1",
					"$(inherited)",
				);
				GCC_WARN_64_TO_32_BIT_CONVERSION = YES;
				GCC_WARN_ABOUT_RETURN_TYPE = YES_ERROR;
				GCC_WARN_UNDECLARED_SELECTOR = YES;
				GCC_WARN_UNINITIALIZED_AUTOS = YES_AGGRESSIVE;
				GCC_WARN_UNUSED_FUNCTION = YES;
				GCC_WARN_UNUSED_VARIABLE = YES;
				IPHONEOS_DEPLOYMENT_TARGET = 15.2;
				MTL_ENABLE_DEBUG_INFO = INCLUDE_SOURCE;
				MTL_FAST_MATH = YES;
				ONLY_ACTIVE_ARCH = YES;
				SDKROOT = iphoneos;
				SWIFT_ACTIVE_COMPILATION_CONDITIONS = DEBUG;
				SWIFT_OPTIMIZATION_LEVEL = "-Onone";
			};
			name = Debug;
		};
		1CC578722867315200AD51BB /* Release */ = {
			isa = XCBuildConfiguration;
			buildSettings = {
				ALWAYS_SEARCH_USER_PATHS = NO;
				CLANG_ANALYZER_NONNULL = YES;
				CLANG_ANALYZER_NUMBER_OBJECT_CONVERSION = YES_AGGRESSIVE;
				CLANG_CXX_LANGUAGE_STANDARD = "gnu++17";
				CLANG_CXX_LIBRARY = "libc++";
				CLANG_ENABLE_MODULES = YES;
				CLANG_ENABLE_OBJC_ARC = YES;
				CLANG_ENABLE_OBJC_WEAK = YES;
				CLANG_WARN_BLOCK_CAPTURE_AUTORELEASING = YES;
				CLANG_WARN_BOOL_CONVERSION = YES;
				CLANG_WARN_COMMA = YES;
				CLANG_WARN_CONSTANT_CONVERSION = YES;
				CLANG_WARN_DEPRECATED_OBJC_IMPLEMENTATIONS = YES;
				CLANG_WARN_DIRECT_OBJC_ISA_USAGE = YES_ERROR;
				CLANG_WARN_DOCUMENTATION_COMMENTS = YES;
				CLANG_WARN_EMPTY_BODY = YES;
				CLANG_WARN_ENUM_CONVERSION = YES;
				CLANG_WARN_INFINITE_RECURSION = YES;
				CLANG_WARN_INT_CONVERSION = YES;
				CLANG_WARN_NON_LITERAL_NULL_CONVERSION = YES;
				CLANG_WARN_OBJC_IMPLICIT_RETAIN_SELF = YES;
				CLANG_WARN_OBJC_LITERAL_CONVERSION = YES;
				CLANG_WARN_OBJC_ROOT_CLASS = YES_ERROR;
				CLANG_WARN_QUOTED_INCLUDE_IN_FRAMEWORK_HEADER = YES;
				CLANG_WARN_RANGE_LOOP_ANALYSIS = YES;
				CLANG_WARN_STRICT_PROTOTYPES = YES;
				CLANG_WARN_SUSPICIOUS_MOVE = YES;
				CLANG_WARN_UNGUARDED_AVAILABILITY = YES_AGGRESSIVE;
				CLANG_WARN_UNREACHABLE_CODE = YES;
				CLANG_WARN__DUPLICATE_METHOD_MATCH = YES;
				COPY_PHASE_STRIP = NO;
				DEBUG_INFORMATION_FORMAT = "dwarf-with-dsym";
				ENABLE_NS_ASSERTIONS = NO;
				ENABLE_STRICT_OBJC_MSGSEND = YES;
				GCC_C_LANGUAGE_STANDARD = gnu11;
				GCC_NO_COMMON_BLOCKS = YES;
				GCC_WARN_64_TO_32_BIT_CONVERSION = YES;
				GCC_WARN_ABOUT_RETURN_TYPE = YES_ERROR;
				GCC_WARN_UNDECLARED_SELECTOR = YES;
				GCC_WARN_UNINITIALIZED_AUTOS = YES_AGGRESSIVE;
				GCC_WARN_UNUSED_FUNCTION = YES;
				GCC_WARN_UNUSED_VARIABLE = YES;
				IPHONEOS_DEPLOYMENT_TARGET = 15.2;
				MTL_ENABLE_DEBUG_INFO = NO;
				MTL_FAST_MATH = YES;
				SDKROOT = iphoneos;
				SWIFT_COMPILATION_MODE = wholemodule;
				SWIFT_OPTIMIZATION_LEVEL = "-O";
				VALIDATE_PRODUCT = YES;
			};
			name = Release;
		};
		1CC578742867315200AD51BB /* Debug */ = {
			isa = XCBuildConfiguration;
			buildSettings = {
				ASSETCATALOG_COMPILER_APPICON_NAME = AppIcon;
				ASSETCATALOG_COMPILER_GLOBAL_ACCENT_COLOR_NAME = AccentColor;
				CODE_SIGN_STYLE = Automatic;
				CURRENT_PROJECT_VERSION = 1;
				DEVELOPMENT_ASSET_PATHS = "\"network-layer/Preview Content\"";
				DEVELOPMENT_TEAM = KLJ32GT9C2;
				ENABLE_PREVIEWS = YES;
				GENERATE_INFOPLIST_FILE = YES;
				INFOPLIST_KEY_UIApplicationSceneManifest_Generation = YES;
				INFOPLIST_KEY_UIApplicationSupportsIndirectInputEvents = YES;
				INFOPLIST_KEY_UILaunchScreen_Generation = YES;
				INFOPLIST_KEY_UISupportedInterfaceOrientations_iPad = "UIInterfaceOrientationPortrait UIInterfaceOrientationPortraitUpsideDown UIInterfaceOrientationLandscapeLeft UIInterfaceOrientationLandscapeRight";
				INFOPLIST_KEY_UISupportedInterfaceOrientations_iPhone = "UIInterfaceOrientationPortrait UIInterfaceOrientationLandscapeLeft UIInterfaceOrientationLandscapeRight";
				LD_RUNPATH_SEARCH_PATHS = (
					"$(inherited)",
					"@executable_path/Frameworks",
				);
				MARKETING_VERSION = 1.0;
				PRODUCT_BUNDLE_IDENTIFIER = "com.bahadirovski.network-layer";
				PRODUCT_NAME = "$(TARGET_NAME)";
				SWIFT_EMIT_LOC_STRINGS = YES;
				SWIFT_VERSION = 5.0;
				TARGETED_DEVICE_FAMILY = "1,2";
			};
			name = Debug;
		};
		1CC578752867315200AD51BB /* Release */ = {
			isa = XCBuildConfiguration;
			buildSettings = {
				ASSETCATALOG_COMPILER_APPICON_NAME = AppIcon;
				ASSETCATALOG_COMPILER_GLOBAL_ACCENT_COLOR_NAME = AccentColor;
				CODE_SIGN_STYLE = Automatic;
				CURRENT_PROJECT_VERSION = 1;
				DEVELOPMENT_ASSET_PATHS = "\"network-layer/Preview Content\"";
				DEVELOPMENT_TEAM = KLJ32GT9C2;
				ENABLE_PREVIEWS = YES;
				GENERATE_INFOPLIST_FILE = YES;
				INFOPLIST_KEY_UIApplicationSceneManifest_Generation = YES;
				INFOPLIST_KEY_UIApplicationSupportsIndirectInputEvents = YES;
				INFOPLIST_KEY_UILaunchScreen_Generation = YES;
				INFOPLIST_KEY_UISupportedInterfaceOrientations_iPad = "UIInterfaceOrientationPortrait UIInterfaceOrientationPortraitUpsideDown UIInterfaceOrientationLandscapeLeft UIInterfaceOrientationLandscapeRight";
				INFOPLIST_KEY_UISupportedInterfaceOrientations_iPhone = "UIInterfaceOrientationPortrait UIInterfaceOrientationLandscapeLeft UIInterfaceOrientationLandscapeRight";
				LD_RUNPATH_SEARCH_PATHS = (
					"$(inherited)",
					"@executable_path/Frameworks",
				);
				MARKETING_VERSION = 1.0;
				PRODUCT_BUNDLE_IDENTIFIER = "com.bahadirovski.network-layer";
				PRODUCT_NAME = "$(TARGET_NAME)";
				SWIFT_EMIT_LOC_STRINGS = YES;
				SWIFT_VERSION = 5.0;
				TARGETED_DEVICE_FAMILY = "1,2";
			};
			name = Release;
		};
/* End XCBuildConfiguration section */

/* Begin XCConfigurationList section */
		1CC578602867315100AD51BB /* Build configuration list for PBXProject "network-layer" */ = {
			isa = XCConfigurationList;
			buildConfigurations = (
				1CC578712867315200AD51BB /* Debug */,
				1CC578722867315200AD51BB /* Release */,
			);
			defaultConfigurationIsVisible = 0;
			defaultConfigurationName = Release;
		};
		1CC578732867315200AD51BB /* Build configuration list for PBXNativeTarget "network-layer" */ = {
			isa = XCConfigurationList;
			buildConfigurations = (
				1CC578742867315200AD51BB /* Debug */,
				1CC578752867315200AD51BB /* Release */,
			);
			defaultConfigurationIsVisible = 0;
			defaultConfigurationName = Release;
		};
/* End XCConfigurationList section */

/* Begin XCRemoteSwiftPackageReference section */
		1CC57877286739D100AD51BB /* XCRemoteSwiftPackageReference "Alamofire" */ = {
			isa = XCRemoteSwiftPackageReference;
			repositoryURL = "https://github.com/Alamofire/Alamofire";
			requirement = {
				branch = master;
				kind = branch;
			};
		};
/* End XCRemoteSwiftPackageReference section */

/* Begin XCSwiftPackageProductDependency section */
		1CC57878286739D100AD51BB /* Alamofire */ = {
			isa = XCSwiftPackageProductDependency;
			package = 1CC57877286739D100AD51BB /* XCRemoteSwiftPackageReference "Alamofire" */;
			productName = Alamofire;
		};
/* End XCSwiftPackageProductDependency section */
	};
	rootObject = 1CC5785D2867315100AD51BB /* Project object */;
}
